
Microsoft Visual Studio Solution File, Format Version 12.00
# Visual Studio Version 16
VisualStudioVersion = 16.0.29709.97
MinimumVisualStudioVersion = 10.0.40219.1
Project("{8BC9CEB8-8B4A-11D0-8D11-00A0C91BC942}") = "file", "file\file.vcxproj", "{40730DEE-3EE2-49C8-AFC1-E9C691E34F99}"
EndProject
Project("{8BC9CEB8-8B4A-11D0-8D11-00A0C91BC942}") = "dll", "dll\dll.vcxproj", "{076F240B-45FB-4CC2-8202-3D6366002ABA}"
EndProject
Global
	GlobalSection(SolutionConfigurationPlatforms) = preSolution
		Debug|x64 = Debug|x64
		Debug|x86 = Debug|x86
		Release|x64 = Release|x64
		Release|x86 = Release|x86
	EndGlobalSection
	GlobalSection(ProjectConfigurationPlatforms) = postSolution
		{40730DEE-3EE2-49C8-AFC1-E9C691E34F99}.Debug|x64.ActiveCfg = Debug|x64
		{40730DEE-3EE2-49C8-AFC1-E9C691E34F99}.Debug|x64.Build.0 = Debug|x64
		{40730DEE-3EE2-49C8-AFC1-E9C691E34F99}.Debug|x86.ActiveCfg = Debug|Win32
		{40730DEE-3EE2-49C8-AFC1-E9C691E34F99}.Debug|x86.Build.0 = Debug|Win32
		{40730DEE-3EE2-49C8-AFC1-E9C691E34F99}.Release|x64.ActiveCfg = Release|x64
		{40730DEE-3EE2-49C8-AFC1-E9C691E34F99}.Release|x64.Build.0 = Release|x64
		{40730DEE-3EE2-49C8-AFC1-E9C691E34F99}.Release|x86.ActiveCfg = Release|Win32
		{40730DEE-3EE2-49C8-AFC1-E9C691E34F99}.Release|x86.Build.0 = Release|Win32
		{076F240B-45FB-4CC2-8202-3D6366002ABA}.Debug|x64.ActiveCfg = Debug|x64
		{076F240B-45FB-4CC2-8202-3D6366002ABA}.Debug|x64.Build.0 = Debug|x64
		{076F240B-45FB-4CC2-8202-3D6366002ABA}.Debug|x86.ActiveCfg = Debug|Win32
		{076F240B-45FB-4CC2-8202-3D6366002ABA}.Debug|x86.Build.0 = Debug|Win32
		{076F240B-45FB-4CC2-8202-3D6366002ABA}.Release|x64.ActiveCfg = Release|x64
		{076F240B-45FB-4CC2-8202-3D6366002ABA}.Release|x64.Build.0 = Release|x64
		{076F240B-45FB-4CC2-8202-3D6366002ABA}.Release|x86.ActiveCfg = Release|Win32
		{076F240B-45FB-4CC2-8202-3D6366002ABA}.Release|x86.Build.0 = Release|Win32
	EndGlobalSection
	GlobalSection(SolutionProperties) = preSolution
		HideSolutionNode = FALSE
	EndGlobalSection
	GlobalSection(ExtensibilityGlobals) = postSolution
		SolutionGuid = {084B6A14-D9C7-44CA-BA12-2385242DDF0A}
	EndGlobalSection
EndGlobal
